{
  "nodes": {
    "home-manager": {
      "inputs": {
        "nixpkgs": [
          "nixpkgs"
        ]
      },
      "locked": {
        "lastModified": 1763992789,
        "narHash": "sha256-WHkdBlw6oyxXIra/vQPYLtqY+3G8dUVZM8bEXk0t8x4=",
        "owner": "nix-community",
        "repo": "home-manager",
        "rev": "44831a7eaba4360fb81f2acc5ea6de5fde90aaa3",
        "type": "github"
      },
      "original": {
        "owner": "nix-community",
        "ref": "release-25.05",
        "repo": "home-manager",
        "type": "github"
      }
    },
    "nixCats": {
      "locked": {
        "lastModified": 1769085828,
        "narHash": "sha256-TjhFIAtS628+/r3IuYWPcNa++mUMMDDG8PbSfFHXBiA=",
        "owner": "BirdeeHub",
        "repo": "nixCats-nvim",
        "rev": "43fbf4d12b0a613f1a792503da4bb2bf270173c7",
        "type": "github"
      },
      "original": {
        "owner": "BirdeeHub",
        "repo": "nixCats-nvim",
        "type": "github"
      }
    },
    "nixpkgs": {
      "locked": {
        "lastModified": 1769089682,
        "narHash": "sha256-9yA/LIuAVQq0lXelrZPjLuLVuZdm03p8tfmHhnDIkms=",
        "owner": "NixOS",
        "repo": "nixpkgs",
        "rev": "078d69f03934859a181e81ba987c2bb033eebfc5",
        "type": "github"
      },
      "original": {
        "owner": "NixOS",
        "ref": "nixos-25.11",
        "repo": "nixpkgs",
        "type": "github"
      }
    },
    "root": {
      "inputs": {
        "home-manager": "home-manager",
        "nixCats": "nixCats",
        "nixpkgs": "nixpkgs",
        "sops-nix": "sops-nix"
      }
    },
    "sops-nix": {
      "inputs": {
        "nixpkgs": [
          "nixpkgs"
        ]
      },
      "locked": {
        "lastModified": 1769314333,
        "narHash": "sha256-+Uvq9h2eGsbhacXpuS7irYO7fFlz514nrhPCSTkASlw=",
        "owner": "Mic92",
        "repo": "sops-nix",
        "rev": "2eb9eed7ef48908e0f02985919f7eb9d33fa758f",
        "type": "github"
      },
      "original": {
        "owner": "Mic92",
        "repo": "sops-nix",
        "type": "github"
      }
    }
  },
  "root": "root",
  "version": 7
}
